// !$*UTF8*$!
{
	archiveVersion = 1;
	classes = {
	};
	objectVersion = 50;
	objects = {

/* Begin PBXBuildFile section */
		B31CEBE9251E1FF900B7501E /* MapView.swift in Sources */ = {isa = PBXBuildFile; fileRef = B31CEBE8251E1FF900B7501E /* MapView.swift */; };
		B31CEBF1251E279900B7501E /* MapViewStore.swift in Sources */ = {isa = PBXBuildFile; fileRef = B31CEBF0251E279900B7501E /* MapViewStore.swift */; };
		B31CEC09251E379400B7501E /* GoogleMapsButton.swift in Sources */ = {isa = PBXBuildFile; fileRef = B31CEC08251E379400B7501E /* GoogleMapsButton.swift */; };
		B31CEC0E251E386A00B7501E /* DismissButton.swift in Sources */ = {isa = PBXBuildFile; fileRef = B31CEC0D251E386A00B7501E /* DismissButton.swift */; };
		B32897AE251FA1BA0098A6E7 /* DiscoveryView.swift in Sources */ = {isa = PBXBuildFile; fileRef = B32897AD251FA1BA0098A6E7 /* DiscoveryView.swift */; };
		B330CEC0251C934900FB34E4 /* CoordinatesHelper.swift in Sources */ = {isa = PBXBuildFile; fileRef = B330CEBF251C934900FB34E4 /* CoordinatesHelper.swift */; };
		B33571DE251E0C4D00D06BC4 /* AnnotationsHelper.swift in Sources */ = {isa = PBXBuildFile; fileRef = B33571DD251E0C4D00D06BC4 /* AnnotationsHelper.swift */; };
		B38960BD251B4C68001659FD /* LocationStore.swift in Sources */ = {isa = PBXBuildFile; fileRef = B38960BC251B4C67001659FD /* LocationStore.swift */; };
		B38960C2251B50A2001659FD /* RegionStore.swift in Sources */ = {isa = PBXBuildFile; fileRef = B38960C1251B50A2001659FD /* RegionStore.swift */; };
		B3B520842519D90200368F47 /* cafeData.json in Resources */ = {isa = PBXBuildFile; fileRef = B3B520832519D90200368F47 /* cafeData.json */; };
		B3B520892519D92800368F47 /* Data.swift in Sources */ = {isa = PBXBuildFile; fileRef = B3B520882519D92800368F47 /* Data.swift */; };
		B3B5208E2519D93100368F47 /* Coffee.swift in Sources */ = {isa = PBXBuildFile; fileRef = B3B5208D2519D93100368F47 /* Coffee.swift */; };
		B3B520932519E1C400368F47 /* TabBar.swift in Sources */ = {isa = PBXBuildFile; fileRef = B3B520922519E1C400368F47 /* TabBar.swift */; };
		B3B8738B251B3EBD006CA136 /* CoffeeDetailView.swift in Sources */ = {isa = PBXBuildFile; fileRef = B3B8738A251B3EBD006CA136 /* CoffeeDetailView.swift */; };
		B3C3368C251DE78200755B1E /* AllCafesMapView.swift in Sources */ = {isa = PBXBuildFile; fileRef = B3C3368B251DE78200755B1E /* AllCafesMapView.swift */; };
		B3F3F3BA25188A1100D91190 /* KOFFII_3_0App.swift in Sources */ = {isa = PBXBuildFile; fileRef = B3F3F3B925188A1100D91190 /* KOFFII_3_0App.swift */; };
		B3F3F3BE25188A1300D91190 /* Assets.xcassets in Resources */ = {isa = PBXBuildFile; fileRef = B3F3F3BD25188A1300D91190 /* Assets.xcassets */; };
		B3F3F3C125188A1300D91190 /* Preview Assets.xcassets in Resources */ = {isa = PBXBuildFile; fileRef = B3F3F3C025188A1300D91190 /* Preview Assets.xcassets */; };
		B3F3F3CC25188A1300D91190 /* KOFFII_CGN_2_0Tests.swift in Sources */ = {isa = PBXBuildFile; fileRef = B3F3F3CB25188A1300D91190 /* KOFFII_CGN_2_0Tests.swift */; };
		B3F3F3D725188A1300D91190 /* KOFFII_CGN_2_0UITests.swift in Sources */ = {isa = PBXBuildFile; fileRef = B3F3F3D625188A1300D91190 /* KOFFII_CGN_2_0UITests.swift */; };
		B3F3F3ED25188DD300D91190 /* CoffeeView.swift in Sources */ = {isa = PBXBuildFile; fileRef = B3F3F3EC25188DD300D91190 /* CoffeeView.swift */; };
		B3F3F439251900CA00D91190 /* CoffeeListItem.swift in Sources */ = {isa = PBXBuildFile; fileRef = B3F3F438251900CA00D91190 /* CoffeeListItem.swift */; };
		E406A5522557F1BE002D199B /* DecodableDefaultSource.swift in Sources */ = {isa = PBXBuildFile; fileRef = E406A5512557F1BE002D199B /* DecodableDefaultSource.swift */; };
		E409A142264C437300F74EA1 /* WeatherStore.swift in Sources */ = {isa = PBXBuildFile; fileRef = E409A141264C437300F74EA1 /* WeatherStore.swift */; };
		E409A143264C4DBA00F74EA1 /* WeatherStore.swift in Sources */ = {isa = PBXBuildFile; fileRef = E409A141264C437300F74EA1 /* WeatherStore.swift */; };
		E409A144264C4DBB00F74EA1 /* WeatherStore.swift in Sources */ = {isa = PBXBuildFile; fileRef = E409A141264C437300F74EA1 /* WeatherStore.swift */; };
		E43188FC262DD47900530DEA /* DiscoveryCafeViewModel.swift in Sources */ = {isa = PBXBuildFile; fileRef = E43188FB262DD47900530DEA /* DiscoveryCafeViewModel.swift */; };
		E4318903262DD5F500530DEA /* CoffeeDetailViewModel.swift in Sources */ = {isa = PBXBuildFile; fileRef = E4318902262DD5F500530DEA /* CoffeeDetailViewModel.swift */; };
		E4318909262DD63300530DEA /* DiscoveryCafeViewModel.swift in Sources */ = {isa = PBXBuildFile; fileRef = E43188FB262DD47900530DEA /* DiscoveryCafeViewModel.swift */; };
		E431890F262DD63400530DEA /* DiscoveryCafeViewModel.swift in Sources */ = {isa = PBXBuildFile; fileRef = E43188FB262DD47900530DEA /* DiscoveryCafeViewModel.swift */; };
		E4318915262DD65300530DEA /* CoffeeDetailViewModel.swift in Sources */ = {isa = PBXBuildFile; fileRef = E4318902262DD5F500530DEA /* CoffeeDetailViewModel.swift */; };
		E431891B262DD65300530DEA /* CoffeeDetailViewModel.swift in Sources */ = {isa = PBXBuildFile; fileRef = E4318902262DD5F500530DEA /* CoffeeDetailViewModel.swift */; };
		E436F66E26374AEE004EA829 /* DiscoveryWidgetViewModel.swift in Sources */ = {isa = PBXBuildFile; fileRef = E436F66D26374AEE004EA829 /* DiscoveryWidgetViewModel.swift */; };
		E436F67426374B83004EA829 /* DiscoveryWidgetViewModel.swift in Sources */ = {isa = PBXBuildFile; fileRef = E436F66D26374AEE004EA829 /* DiscoveryWidgetViewModel.swift */; };
		E43D22C5263AA5AD00F586B6 /* Complain.swift in Sources */ = {isa = PBXBuildFile; fileRef = E43D22C4263AA5AD00F586B6 /* Complain.swift */; };
		E43D22C7263AA5D900F586B6 /* ComplainData.json in Resources */ = {isa = PBXBuildFile; fileRef = E43D22C6263AA5D900F586B6 /* ComplainData.json */; };
		E43D22C8263AA6E800F586B6 /* Complain.swift in Sources */ = {isa = PBXBuildFile; fileRef = E43D22C4263AA5AD00F586B6 /* Complain.swift */; };
		E43D22CA263AA70D00F586B6 /* Complain.swift in Sources */ = {isa = PBXBuildFile; fileRef = E43D22C4263AA5AD00F586B6 /* Complain.swift */; };
		E447731E2561389100B772C2 /* WidgetKit.framework in Frameworks */ = {isa = PBXBuildFile; fileRef = E447731D2561389100B772C2 /* WidgetKit.framework */; };
		E44773202561389100B772C2 /* SwiftUI.framework in Frameworks */ = {isa = PBXBuildFile; fileRef = E447731F2561389100B772C2 /* SwiftUI.framework */; };
		E44773232561389100B772C2 /* KOFFII_Widget.swift in Sources */ = {isa = PBXBuildFile; fileRef = E44773222561389100B772C2 /* KOFFII_Widget.swift */; };
		E44773262561389200B772C2 /* Assets.xcassets in Resources */ = {isa = PBXBuildFile; fileRef = E44773252561389200B772C2 /* Assets.xcassets */; };
		E447732C2561389200B772C2 /* KOFFII WidgetExtension.appex in Embed App Extensions */ = {isa = PBXBuildFile; fileRef = E447731B2561389100B772C2 /* KOFFII WidgetExtension.appex */; settings = {ATTRIBUTES = (RemoveHeadersOnCopy, ); }; };
		E447734C25614CC600B772C2 /* cafeData.json in Resources */ = {isa = PBXBuildFile; fileRef = B3B520832519D90200368F47 /* cafeData.json */; };
		E447734D25614CC600B772C2 /* Coffee.swift in Sources */ = {isa = PBXBuildFile; fileRef = B3B5208D2519D93100368F47 /* Coffee.swift */; };
		E447734E25614CC600B772C2 /* DecodableDefaultSource.swift in Sources */ = {isa = PBXBuildFile; fileRef = E406A5512557F1BE002D199B /* DecodableDefaultSource.swift */; };
		E447734F25614CC600B772C2 /* Data.swift in Sources */ = {isa = PBXBuildFile; fileRef = B3B520882519D92800368F47 /* Data.swift */; };
		E447735425614CDD00B772C2 /* LocationStore.swift in Sources */ = {isa = PBXBuildFile; fileRef = B38960BC251B4C67001659FD /* LocationStore.swift */; };
		E447735525614CDD00B772C2 /* CoordinatesHelper.swift in Sources */ = {isa = PBXBuildFile; fileRef = B330CEBF251C934900FB34E4 /* CoordinatesHelper.swift */; };
		E447735625614CDD00B772C2 /* RegionStore.swift in Sources */ = {isa = PBXBuildFile; fileRef = B38960C1251B50A2001659FD /* RegionStore.swift */; };
		E447735725614CDD00B772C2 /* AnnotationsHelper.swift in Sources */ = {isa = PBXBuildFile; fileRef = B33571DD251E0C4D00D06BC4 /* AnnotationsHelper.swift */; };
		E447735C25614CF300B772C2 /* DismissButton.swift in Sources */ = {isa = PBXBuildFile; fileRef = B31CEC0D251E386A00B7501E /* DismissButton.swift */; };
		E447735D25614CF300B772C2 /* GoogleMapsButton.swift in Sources */ = {isa = PBXBuildFile; fileRef = B31CEC08251E379400B7501E /* GoogleMapsButton.swift */; };
		E447736225615D9E00B772C2 /* Assets.xcassets in Resources */ = {isa = PBXBuildFile; fileRef = B3F3F3BD25188A1300D91190 /* Assets.xcassets */; };
		E44773672561661B00B772C2 /* CoffeeDetailView.swift in Sources */ = {isa = PBXBuildFile; fileRef = B3B8738A251B3EBD006CA136 /* CoffeeDetailView.swift */; };
		E447736C256166C600B772C2 /* CoffeeListItem.swift in Sources */ = {isa = PBXBuildFile; fileRef = B3F3F438251900CA00D91190 /* CoffeeListItem.swift */; };
		E45C6B4826496EA900D6F179 /* InformationListItem.swift in Sources */ = {isa = PBXBuildFile; fileRef = E4D6033426359F6700FAD1B4 /* InformationListItem.swift */; };
		E46CB8A42631D9890026F73B /* CafeAnnotation.swift in Sources */ = {isa = PBXBuildFile; fileRef = E46CB8A32631D9890026F73B /* CafeAnnotation.swift */; };
		E46CB8AA2631DACE0026F73B /* CafeAnnotation.swift in Sources */ = {isa = PBXBuildFile; fileRef = E46CB8A32631D9890026F73B /* CafeAnnotation.swift */; };
		E46CB8B02631DACE0026F73B /* CafeAnnotation.swift in Sources */ = {isa = PBXBuildFile; fileRef = E46CB8A32631D9890026F73B /* CafeAnnotation.swift */; };
		E4779677262CD571001CBE43 /* CoffeeListViewModel.swift in Sources */ = {isa = PBXBuildFile; fileRef = E4779676262CD571001CBE43 /* CoffeeListViewModel.swift */; };
		E4779683262CD5B6001CBE43 /* CoffeeListItemViewModel.swift in Sources */ = {isa = PBXBuildFile; fileRef = E4779682262CD5B6001CBE43 /* CoffeeListItemViewModel.swift */; };
		E4779698262CDD25001CBE43 /* CoffeeListViewModel.swift in Sources */ = {isa = PBXBuildFile; fileRef = E4779676262CD571001CBE43 /* CoffeeListViewModel.swift */; };
		E477969E262CDD29001CBE43 /* CoffeeListItemViewModel.swift in Sources */ = {isa = PBXBuildFile; fileRef = E4779682262CD5B6001CBE43 /* CoffeeListItemViewModel.swift */; };
		E47796A4262CDFBB001CBE43 /* CoffeeListItemViewModel.swift in Sources */ = {isa = PBXBuildFile; fileRef = E4779682262CD5B6001CBE43 /* CoffeeListItemViewModel.swift */; };
		E47796AA262CDFBE001CBE43 /* CoffeeListViewModel.swift in Sources */ = {isa = PBXBuildFile; fileRef = E4779676262CD571001CBE43 /* CoffeeListViewModel.swift */; };
		E48AB831264AE1BE0022267B /* WeatherData.swift in Sources */ = {isa = PBXBuildFile; fileRef = E48AB830264AE1BE0022267B /* WeatherData.swift */; };
		E48AB832264AE1BE0022267B /* WeatherData.swift in Sources */ = {isa = PBXBuildFile; fileRef = E48AB830264AE1BE0022267B /* WeatherData.swift */; };
		E48AB833264AE1BE0022267B /* WeatherData.swift in Sources */ = {isa = PBXBuildFile; fileRef = E48AB830264AE1BE0022267B /* WeatherData.swift */; };
		E48AB835264AE1C40022267B /* WeatherModel.swift in Sources */ = {isa = PBXBuildFile; fileRef = E48AB834264AE1C40022267B /* WeatherModel.swift */; };
		E48AB836264AE1C40022267B /* WeatherModel.swift in Sources */ = {isa = PBXBuildFile; fileRef = E48AB834264AE1C40022267B /* WeatherModel.swift */; };
		E48AB837264AE1C40022267B /* WeatherModel.swift in Sources */ = {isa = PBXBuildFile; fileRef = E48AB834264AE1C40022267B /* WeatherModel.swift */; };
		E48DC25E2631B2E5009ED2FE /* FilterFormView.swift in Sources */ = {isa = PBXBuildFile; fileRef = E48DC25D2631B2E5009ED2FE /* FilterFormView.swift */; };
		E48DC2762631B99B009ED2FE /* FilterFormView.swift in Sources */ = {isa = PBXBuildFile; fileRef = E48DC25D2631B2E5009ED2FE /* FilterFormView.swift */; };
		E4909E242639D1CA0060A0A5 /* MethodDetailView.swift in Sources */ = {isa = PBXBuildFile; fileRef = E4D6032626359EF500FAD1B4 /* MethodDetailView.swift */; };
		E49119BF264C834900021A87 /* WeatherToolBarItem.swift in Sources */ = {isa = PBXBuildFile; fileRef = E49119BE264C834900021A87 /* WeatherToolBarItem.swift */; };
		E49119C0264C844D00021A87 /* WeatherToolBarItem.swift in Sources */ = {isa = PBXBuildFile; fileRef = E49119BE264C834900021A87 /* WeatherToolBarItem.swift */; };
		E49119C1264C844D00021A87 /* WeatherToolBarItem.swift in Sources */ = {isa = PBXBuildFile; fileRef = E49119BE264C834900021A87 /* WeatherToolBarItem.swift */; };
		E491F01A259D347300EAAE2F /* Assets.xcassets in Resources */ = {isa = PBXBuildFile; fileRef = E491F019259D347300EAAE2F /* Assets.xcassets */; };
		E491F01D259D347300EAAE2F /* Preview Assets.xcassets in Resources */ = {isa = PBXBuildFile; fileRef = E491F01C259D347300EAAE2F /* Preview Assets.xcassets */; };
		E491F022259D347300EAAE2F /* KOFFIIAppClip.app in Embed App Clips */ = {isa = PBXBuildFile; fileRef = E491F013259D347200EAAE2F /* KOFFIIAppClip.app */; settings = {ATTRIBUTES = (RemoveHeadersOnCopy, ); }; };
		E491F02C259D368B00EAAE2F /* AnnotationsHelper.swift in Sources */ = {isa = PBXBuildFile; fileRef = B33571DD251E0C4D00D06BC4 /* AnnotationsHelper.swift */; };
		E491F02D259D368B00EAAE2F /* Coffee.swift in Sources */ = {isa = PBXBuildFile; fileRef = B3B5208D2519D93100368F47 /* Coffee.swift */; };
		E491F02E259D368B00EAAE2F /* CoordinatesHelper.swift in Sources */ = {isa = PBXBuildFile; fileRef = B330CEBF251C934900FB34E4 /* CoordinatesHelper.swift */; };
		E491F02F259D368B00EAAE2F /* DiscoveryView.swift in Sources */ = {isa = PBXBuildFile; fileRef = B32897AD251FA1BA0098A6E7 /* DiscoveryView.swift */; };
		E491F031259D368B00EAAE2F /* MapView.swift in Sources */ = {isa = PBXBuildFile; fileRef = B31CEBE8251E1FF900B7501E /* MapView.swift */; };
		E491F033259D368B00EAAE2F /* LocationStore.swift in Sources */ = {isa = PBXBuildFile; fileRef = B38960BC251B4C67001659FD /* LocationStore.swift */; };
		E491F034259D368B00EAAE2F /* DiscoverItem.swift in Sources */ = {isa = PBXBuildFile; fileRef = E492FEFA2590EAEC00881C1F /* DiscoverItem.swift */; };
		E491F035259D368B00EAAE2F /* CoffeeView.swift in Sources */ = {isa = PBXBuildFile; fileRef = B3F3F3EC25188DD300D91190 /* CoffeeView.swift */; };
		E491F036259D368B00EAAE2F /* GoogleMapsButton.swift in Sources */ = {isa = PBXBuildFile; fileRef = B31CEC08251E379400B7501E /* GoogleMapsButton.swift */; };
		E491F037259D368B00EAAE2F /* MapViewStore.swift in Sources */ = {isa = PBXBuildFile; fileRef = B31CEBF0251E279900B7501E /* MapViewStore.swift */; };
		E491F039259D368B00EAAE2F /* cafeData.json in Resources */ = {isa = PBXBuildFile; fileRef = B3B520832519D90200368F47 /* cafeData.json */; };
		E491F03A259D368B00EAAE2F /* Data.swift in Sources */ = {isa = PBXBuildFile; fileRef = B3B520882519D92800368F47 /* Data.swift */; };
		E491F03B259D368B00EAAE2F /* AllCafesMapView.swift in Sources */ = {isa = PBXBuildFile; fileRef = B3C3368B251DE78200755B1E /* AllCafesMapView.swift */; };
		E491F03C259D368B00EAAE2F /* CoffeeDetailView.swift in Sources */ = {isa = PBXBuildFile; fileRef = B3B8738A251B3EBD006CA136 /* CoffeeDetailView.swift */; };
		E491F03D259D368B00EAAE2F /* DecodableDefaultSource.swift in Sources */ = {isa = PBXBuildFile; fileRef = E406A5512557F1BE002D199B /* DecodableDefaultSource.swift */; };
		E491F03F259D368B00EAAE2F /* RegionStore.swift in Sources */ = {isa = PBXBuildFile; fileRef = B38960C1251B50A2001659FD /* RegionStore.swift */; };
		E491F041259D368B00EAAE2F /* DismissButton.swift in Sources */ = {isa = PBXBuildFile; fileRef = B31CEC0D251E386A00B7501E /* DismissButton.swift */; };
		E491F042259D368B00EAAE2F /* Assets.xcassets in Resources */ = {isa = PBXBuildFile; fileRef = B3F3F3BD25188A1300D91190 /* Assets.xcassets */; };
		E491F043259D368B00EAAE2F /* CoffeeListItem.swift in Sources */ = {isa = PBXBuildFile; fileRef = B3F3F438251900CA00D91190 /* CoffeeListItem.swift */; };
		E491F044259D368B00EAAE2F /* TabBar.swift in Sources */ = {isa = PBXBuildFile; fileRef = B3B520922519E1C400368F47 /* TabBar.swift */; };
		E491F07D259E04C300EAAE2F /* KOFFIIAppClipApp.swift in Sources */ = {isa = PBXBuildFile; fileRef = E491F015259D347200EAAE2F /* KOFFIIAppClipApp.swift */; };
		E492FEFB2590EAEC00881C1F /* DiscoverItem.swift in Sources */ = {isa = PBXBuildFile; fileRef = E492FEFA2590EAEC00881C1F /* DiscoverItem.swift */; };
		E4A375E42632FC1A005695C5 /* RoasteryData.json in Resources */ = {isa = PBXBuildFile; fileRef = E4A375E32632FC1A005695C5 /* RoasteryData.json */; };
		E4A71137263427860032432D /* InformationData.json in Resources */ = {isa = PBXBuildFile; fileRef = E4A71136263427860032432D /* InformationData.json */; };
		E4A7113E263429940032432D /* Information.swift in Sources */ = {isa = PBXBuildFile; fileRef = E4A7113D263429940032432D /* Information.swift */; };
		E4A7114426342B2D0032432D /* Information.swift in Sources */ = {isa = PBXBuildFile; fileRef = E4A7113D263429940032432D /* Information.swift */; };
		E4A7114A26342B2D0032432D /* Information.swift in Sources */ = {isa = PBXBuildFile; fileRef = E4A7113D263429940032432D /* Information.swift */; };
		E4A7115126342B3C0032432D /* InformationView.swift in Sources */ = {isa = PBXBuildFile; fileRef = E4A7115026342B3C0032432D /* InformationView.swift */; };
		E4A7115C26342BC70032432D /* InformationView.swift in Sources */ = {isa = PBXBuildFile; fileRef = E4A7115026342B3C0032432D /* InformationView.swift */; };
		E4A89F1E263AD2B4009E4A5B /* ComplainView.swift in Sources */ = {isa = PBXBuildFile; fileRef = E4A89F1D263AD2B4009E4A5B /* ComplainView.swift */; };
		E4A89F1F263AD50D009E4A5B /* ComplainView.swift in Sources */ = {isa = PBXBuildFile; fileRef = E4A89F1D263AD2B4009E4A5B /* ComplainView.swift */; };
		E4A89F20263AD50E009E4A5B /* ComplainView.swift in Sources */ = {isa = PBXBuildFile; fileRef = E4A89F1D263AD2B4009E4A5B /* ComplainView.swift */; };
		E4B14DD5264E6E05008D0528 /* ContentView.swift in Sources */ = {isa = PBXBuildFile; fileRef = E4B14DD4264E6E05008D0528 /* ContentView.swift */; };
		E4B14DD6264E6E10008D0528 /* ContentView.swift in Sources */ = {isa = PBXBuildFile; fileRef = E4B14DD4264E6E05008D0528 /* ContentView.swift */; };
		E4B14DD8264E6EB6008D0528 /* SideBar.swift in Sources */ = {isa = PBXBuildFile; fileRef = E4B14DD7264E6EB6008D0528 /* SideBar.swift */; };
		E4B14DD9264E7080008D0528 /* SideBar.swift in Sources */ = {isa = PBXBuildFile; fileRef = E4B14DD7264E6EB6008D0528 /* SideBar.swift */; };
		E4D6032726359EF500FAD1B4 /* MethodDetailView.swift in Sources */ = {isa = PBXBuildFile; fileRef = E4D6032626359EF500FAD1B4 /* MethodDetailView.swift */; };
		E4D6033526359F6700FAD1B4 /* InformationListItem.swift in Sources */ = {isa = PBXBuildFile; fileRef = E4D6033426359F6700FAD1B4 /* InformationListItem.swift */; };
		E4D603562635B53700FAD1B4 /* InformationListItem.swift in Sources */ = {isa = PBXBuildFile; fileRef = E4D6033426359F6700FAD1B4 /* InformationListItem.swift */; };
		E4DE65E32598D370006FC81F /* SnapshotHelper.swift in Sources */ = {isa = PBXBuildFile; fileRef = E4DE65E22598D370006FC81F /* SnapshotHelper.swift */; };
		E4F2ED4F263AB40C001375BE /* InformationDetailCoordinator.swift in Sources */ = {isa = PBXBuildFile; fileRef = E4F2ED4E263AB40C001375BE /* InformationDetailCoordinator.swift */; };
		E4F2ED51263AB480001375BE /* KnowledgeDetailView.swift in Sources */ = {isa = PBXBuildFile; fileRef = E4F2ED50263AB480001375BE /* KnowledgeDetailView.swift */; };
		E4F2ED52263AB5BA001375BE /* InformationDetailCoordinator.swift in Sources */ = {isa = PBXBuildFile; fileRef = E4F2ED4E263AB40C001375BE /* InformationDetailCoordinator.swift */; };
		E4F2ED53263AB5BE001375BE /* InformationDetailCoordinator.swift in Sources */ = {isa = PBXBuildFile; fileRef = E4F2ED4E263AB40C001375BE /* InformationDetailCoordinator.swift */; };
		E4F2ED54263AB5C4001375BE /* KnowledgeDetailView.swift in Sources */ = {isa = PBXBuildFile; fileRef = E4F2ED50263AB480001375BE /* KnowledgeDetailView.swift */; };
		E4F2ED55263AB5C4001375BE /* KnowledgeDetailView.swift in Sources */ = {isa = PBXBuildFile; fileRef = E4F2ED50263AB480001375BE /* KnowledgeDetailView.swift */; };
		E4F2ED56263AB5C7001375BE /* MethodDetailView.swift in Sources */ = {isa = PBXBuildFile; fileRef = E4D6032626359EF500FAD1B4 /* MethodDetailView.swift */; };
/* End PBXBuildFile section */

/* Begin PBXContainerItemProxy section */
		B3F3F3C825188A1300D91190 /* PBXContainerItemProxy */ = {
			isa = PBXContainerItemProxy;
			containerPortal = B3F3F3AE25188A1000D91190 /* Project object */;
			proxyType = 1;
			remoteGlobalIDString = B3F3F3B525188A1000D91190;
			remoteInfo = "KOFFII CGN 2.0";
		};
		B3F3F3D325188A1300D91190 /* PBXContainerItemProxy */ = {
			isa = PBXContainerItemProxy;
			containerPortal = B3F3F3AE25188A1000D91190 /* Project object */;
			proxyType = 1;
			remoteGlobalIDString = B3F3F3B525188A1000D91190;
			remoteInfo = "KOFFII CGN 2.0";
		};
		E447732A2561389200B772C2 /* PBXContainerItemProxy */ = {
			isa = PBXContainerItemProxy;
			containerPortal = B3F3F3AE25188A1000D91190 /* Project object */;
			proxyType = 1;
			remoteGlobalIDString = E447731A2561389100B772C2;
			remoteInfo = "KOFFII WidgetExtension";
		};
		E491F020259D347300EAAE2F /* PBXContainerItemProxy */ = {
			isa = PBXContainerItemProxy;
			containerPortal = B3F3F3AE25188A1000D91190 /* Project object */;
			proxyType = 1;
			remoteGlobalIDString = E491F012259D347200EAAE2F;
			remoteInfo = KOFFIIAppClip;
		};
/* End PBXContainerItemProxy section */

/* Begin PBXCopyFilesBuildPhase section */
		E447732D2561389200B772C2 /* Embed App Extensions */ = {
			isa = PBXCopyFilesBuildPhase;
			buildActionMask = 2147483647;
			dstPath = "";
			dstSubfolderSpec = 13;
			files = (
				E447732C2561389200B772C2 /* KOFFII WidgetExtension.appex in Embed App Extensions */,
			);
			name = "Embed App Extensions";
			runOnlyForDeploymentPostprocessing = 0;
		};
		E491F023259D347300EAAE2F /* Embed App Clips */ = {
			isa = PBXCopyFilesBuildPhase;
			buildActionMask = 2147483647;
			dstPath = "$(CONTENTS_FOLDER_PATH)/AppClips";
			dstSubfolderSpec = 16;
			files = (
				E491F022259D347300EAAE2F /* KOFFIIAppClip.app in Embed App Clips */,
			);
			name = "Embed App Clips";
			runOnlyForDeploymentPostprocessing = 0;
		};
/* End PBXCopyFilesBuildPhase section */

/* Begin PBXFileReference section */
		B31CEBE8251E1FF900B7501E /* MapView.swift */ = {isa = PBXFileReference; lastKnownFileType = sourcecode.swift; path = MapView.swift; sourceTree = "<group>"; };
		B31CEBF0251E279900B7501E /* MapViewStore.swift */ = {isa = PBXFileReference; lastKnownFileType = sourcecode.swift; path = MapViewStore.swift; sourceTree = "<group>"; };
		B31CEC08251E379400B7501E /* GoogleMapsButton.swift */ = {isa = PBXFileReference; lastKnownFileType = sourcecode.swift; path = GoogleMapsButton.swift; sourceTree = "<group>"; };
		B31CEC0D251E386A00B7501E /* DismissButton.swift */ = {isa = PBXFileReference; lastKnownFileType = sourcecode.swift; path = DismissButton.swift; sourceTree = "<group>"; };
		B32897AD251FA1BA0098A6E7 /* DiscoveryView.swift */ = {isa = PBXFileReference; lastKnownFileType = sourcecode.swift; path = DiscoveryView.swift; sourceTree = "<group>"; };
		B330CEBF251C934900FB34E4 /* CoordinatesHelper.swift */ = {isa = PBXFileReference; lastKnownFileType = sourcecode.swift; path = CoordinatesHelper.swift; sourceTree = "<group>"; };
		B33571DD251E0C4D00D06BC4 /* AnnotationsHelper.swift */ = {isa = PBXFileReference; lastKnownFileType = sourcecode.swift; path = AnnotationsHelper.swift; sourceTree = "<group>"; };
		B38960BC251B4C67001659FD /* LocationStore.swift */ = {isa = PBXFileReference; lastKnownFileType = sourcecode.swift; path = LocationStore.swift; sourceTree = "<group>"; };
		B38960C1251B50A2001659FD /* RegionStore.swift */ = {isa = PBXFileReference; lastKnownFileType = sourcecode.swift; path = RegionStore.swift; sourceTree = "<group>"; };
		B3B520832519D90200368F47 /* cafeData.json */ = {isa = PBXFileReference; fileEncoding = 4; lastKnownFileType = text.json; path = cafeData.json; sourceTree = "<group>"; };
		B3B520882519D92800368F47 /* Data.swift */ = {isa = PBXFileReference; fileEncoding = 4; lastKnownFileType = sourcecode.swift; path = Data.swift; sourceTree = "<group>"; };
		B3B5208D2519D93100368F47 /* Coffee.swift */ = {isa = PBXFileReference; fileEncoding = 4; lastKnownFileType = sourcecode.swift; path = Coffee.swift; sourceTree = "<group>"; };
		B3B520922519E1C400368F47 /* TabBar.swift */ = {isa = PBXFileReference; lastKnownFileType = sourcecode.swift; path = TabBar.swift; sourceTree = "<group>"; };
		B3B8738A251B3EBD006CA136 /* CoffeeDetailView.swift */ = {isa = PBXFileReference; lastKnownFileType = sourcecode.swift; path = CoffeeDetailView.swift; sourceTree = "<group>"; };
		B3C3368B251DE78200755B1E /* AllCafesMapView.swift */ = {isa = PBXFileReference; lastKnownFileType = sourcecode.swift; path = AllCafesMapView.swift; sourceTree = "<group>"; };
		B3F3F3B625188A1000D91190 /* KOFFII 3.0.app */ = {isa = PBXFileReference; explicitFileType = wrapper.application; includeInIndex = 0; path = "KOFFII 3.0.app"; sourceTree = BUILT_PRODUCTS_DIR; };
		B3F3F3B925188A1100D91190 /* KOFFII_3_0App.swift */ = {isa = PBXFileReference; lastKnownFileType = sourcecode.swift; path = KOFFII_3_0App.swift; sourceTree = "<group>"; };
		B3F3F3BD25188A1300D91190 /* Assets.xcassets */ = {isa = PBXFileReference; lastKnownFileType = folder.assetcatalog; path = Assets.xcassets; sourceTree = "<group>"; };
		B3F3F3C025188A1300D91190 /* Preview Assets.xcassets */ = {isa = PBXFileReference; lastKnownFileType = folder.assetcatalog; path = "Preview Assets.xcassets"; sourceTree = "<group>"; };
		B3F3F3C225188A1300D91190 /* Info.plist */ = {isa = PBXFileReference; lastKnownFileType = text.plist.xml; path = Info.plist; sourceTree = "<group>"; };
		B3F3F3C725188A1300D91190 /* KOFFII 3.0Tests.xctest */ = {isa = PBXFileReference; explicitFileType = wrapper.cfbundle; includeInIndex = 0; path = "KOFFII 3.0Tests.xctest"; sourceTree = BUILT_PRODUCTS_DIR; };
		B3F3F3CB25188A1300D91190 /* KOFFII_CGN_2_0Tests.swift */ = {isa = PBXFileReference; lastKnownFileType = sourcecode.swift; path = KOFFII_CGN_2_0Tests.swift; sourceTree = "<group>"; };
		B3F3F3CD25188A1300D91190 /* Info.plist */ = {isa = PBXFileReference; lastKnownFileType = text.plist.xml; path = Info.plist; sourceTree = "<group>"; };
		B3F3F3D225188A1300D91190 /* KOFFII 3.0UITests.xctest */ = {isa = PBXFileReference; explicitFileType = wrapper.cfbundle; includeInIndex = 0; path = "KOFFII 3.0UITests.xctest"; sourceTree = BUILT_PRODUCTS_DIR; };
		B3F3F3D625188A1300D91190 /* KOFFII_CGN_2_0UITests.swift */ = {isa = PBXFileReference; lastKnownFileType = sourcecode.swift; path = KOFFII_CGN_2_0UITests.swift; sourceTree = "<group>"; };
		B3F3F3D825188A1300D91190 /* Info.plist */ = {isa = PBXFileReference; lastKnownFileType = text.plist.xml; path = Info.plist; sourceTree = "<group>"; };
		B3F3F3EC25188DD300D91190 /* CoffeeView.swift */ = {isa = PBXFileReference; lastKnownFileType = sourcecode.swift; path = CoffeeView.swift; sourceTree = "<group>"; };
		B3F3F438251900CA00D91190 /* CoffeeListItem.swift */ = {isa = PBXFileReference; lastKnownFileType = sourcecode.swift; path = CoffeeListItem.swift; sourceTree = "<group>"; };
		E406A5512557F1BE002D199B /* DecodableDefaultSource.swift */ = {isa = PBXFileReference; lastKnownFileType = sourcecode.swift; path = DecodableDefaultSource.swift; sourceTree = "<group>"; };
		E409A141264C437300F74EA1 /* WeatherStore.swift */ = {isa = PBXFileReference; lastKnownFileType = sourcecode.swift; path = WeatherStore.swift; sourceTree = "<group>"; };
		E43188FB262DD47900530DEA /* DiscoveryCafeViewModel.swift */ = {isa = PBXFileReference; lastKnownFileType = sourcecode.swift; path = DiscoveryCafeViewModel.swift; sourceTree = "<group>"; };
		E4318902262DD5F500530DEA /* CoffeeDetailViewModel.swift */ = {isa = PBXFileReference; lastKnownFileType = sourcecode.swift; path = CoffeeDetailViewModel.swift; sourceTree = "<group>"; };
		E436F66D26374AEE004EA829 /* DiscoveryWidgetViewModel.swift */ = {isa = PBXFileReference; lastKnownFileType = sourcecode.swift; path = DiscoveryWidgetViewModel.swift; sourceTree = "<group>"; };
		E43D22C4263AA5AD00F586B6 /* Complain.swift */ = {isa = PBXFileReference; lastKnownFileType = sourcecode.swift; path = Complain.swift; sourceTree = "<group>"; };
		E43D22C6263AA5D900F586B6 /* ComplainData.json */ = {isa = PBXFileReference; lastKnownFileType = text.json; path = ComplainData.json; sourceTree = "<group>"; xcLanguageSpecificationIdentifier = xcode.lang.json; };
		E447731B2561389100B772C2 /* KOFFII WidgetExtension.appex */ = {isa = PBXFileReference; explicitFileType = "wrapper.app-extension"; includeInIndex = 0; path = "KOFFII WidgetExtension.appex"; sourceTree = BUILT_PRODUCTS_DIR; };
		E447731D2561389100B772C2 /* WidgetKit.framework */ = {isa = PBXFileReference; lastKnownFileType = wrapper.framework; name = WidgetKit.framework; path = System/Library/Frameworks/WidgetKit.framework; sourceTree = SDKROOT; };
		E447731F2561389100B772C2 /* SwiftUI.framework */ = {isa = PBXFileReference; lastKnownFileType = wrapper.framework; name = SwiftUI.framework; path = System/Library/Frameworks/SwiftUI.framework; sourceTree = SDKROOT; };
		E44773222561389100B772C2 /* KOFFII_Widget.swift */ = {isa = PBXFileReference; lastKnownFileType = sourcecode.swift; path = KOFFII_Widget.swift; sourceTree = "<group>"; };
		E44773252561389200B772C2 /* Assets.xcassets */ = {isa = PBXFileReference; lastKnownFileType = folder.assetcatalog; path = Assets.xcassets; sourceTree = "<group>"; };
		E44773272561389200B772C2 /* Info.plist */ = {isa = PBXFileReference; lastKnownFileType = text.plist.xml; path = Info.plist; sourceTree = "<group>"; };
		E46CB8A32631D9890026F73B /* CafeAnnotation.swift */ = {isa = PBXFileReference; lastKnownFileType = sourcecode.swift; path = CafeAnnotation.swift; sourceTree = "<group>"; };
		E4779676262CD571001CBE43 /* CoffeeListViewModel.swift */ = {isa = PBXFileReference; lastKnownFileType = sourcecode.swift; path = CoffeeListViewModel.swift; sourceTree = "<group>"; };
		E4779682262CD5B6001CBE43 /* CoffeeListItemViewModel.swift */ = {isa = PBXFileReference; lastKnownFileType = sourcecode.swift; path = CoffeeListItemViewModel.swift; sourceTree = "<group>"; };
		E48AB830264AE1BE0022267B /* WeatherData.swift */ = {isa = PBXFileReference; fileEncoding = 4; lastKnownFileType = sourcecode.swift; path = WeatherData.swift; sourceTree = "<group>"; };
		E48AB834264AE1C40022267B /* WeatherModel.swift */ = {isa = PBXFileReference; fileEncoding = 4; lastKnownFileType = sourcecode.swift; path = WeatherModel.swift; sourceTree = "<group>"; };
		E48DC25D2631B2E5009ED2FE /* FilterFormView.swift */ = {isa = PBXFileReference; lastKnownFileType = sourcecode.swift; path = FilterFormView.swift; sourceTree = "<group>"; };
		E49119BE264C834900021A87 /* WeatherToolBarItem.swift */ = {isa = PBXFileReference; lastKnownFileType = sourcecode.swift; path = WeatherToolBarItem.swift; sourceTree = "<group>"; };
		E491F013259D347200EAAE2F /* KOFFIIAppClip.app */ = {isa = PBXFileReference; explicitFileType = wrapper.application; includeInIndex = 0; path = KOFFIIAppClip.app; sourceTree = BUILT_PRODUCTS_DIR; };
		E491F015259D347200EAAE2F /* KOFFIIAppClipApp.swift */ = {isa = PBXFileReference; lastKnownFileType = sourcecode.swift; path = KOFFIIAppClipApp.swift; sourceTree = "<group>"; };
		E491F019259D347300EAAE2F /* Assets.xcassets */ = {isa = PBXFileReference; lastKnownFileType = folder.assetcatalog; path = Assets.xcassets; sourceTree = "<group>"; };
		E491F01C259D347300EAAE2F /* Preview Assets.xcassets */ = {isa = PBXFileReference; lastKnownFileType = folder.assetcatalog; path = "Preview Assets.xcassets"; sourceTree = "<group>"; };
		E491F01E259D347300EAAE2F /* Info.plist */ = {isa = PBXFileReference; lastKnownFileType = text.plist.xml; path = Info.plist; sourceTree = "<group>"; };
		E491F01F259D347300EAAE2F /* KOFFIIAppClip.entitlements */ = {isa = PBXFileReference; lastKnownFileType = text.plist.entitlements; path = KOFFIIAppClip.entitlements; sourceTree = "<group>"; };
		E492FEFA2590EAEC00881C1F /* DiscoverItem.swift */ = {isa = PBXFileReference; lastKnownFileType = sourcecode.swift; path = DiscoverItem.swift; sourceTree = "<group>"; };
		E4A375E32632FC1A005695C5 /* RoasteryData.json */ = {isa = PBXFileReference; lastKnownFileType = text.json; path = RoasteryData.json; sourceTree = "<group>"; xcLanguageSpecificationIdentifier = xcode.lang.json; };
		E4A71136263427860032432D /* InformationData.json */ = {isa = PBXFileReference; lastKnownFileType = text.json; path = InformationData.json; sourceTree = "<group>"; xcLanguageSpecificationIdentifier = xcode.lang.json; };
		E4A7113D263429940032432D /* Information.swift */ = {isa = PBXFileReference; lastKnownFileType = sourcecode.swift; path = Information.swift; sourceTree = "<group>"; };
		E4A7115026342B3C0032432D /* InformationView.swift */ = {isa = PBXFileReference; lastKnownFileType = sourcecode.swift; path = InformationView.swift; sourceTree = "<group>"; };
		E4A89F1D263AD2B4009E4A5B /* ComplainView.swift */ = {isa = PBXFileReference; lastKnownFileType = sourcecode.swift; path = ComplainView.swift; sourceTree = "<group>"; };
		E4B14DD4264E6E05008D0528 /* ContentView.swift */ = {isa = PBXFileReference; lastKnownFileType = sourcecode.swift; path = ContentView.swift; sourceTree = "<group>"; };
		E4B14DD7264E6EB6008D0528 /* SideBar.swift */ = {isa = PBXFileReference; lastKnownFileType = sourcecode.swift; path = SideBar.swift; sourceTree = "<group>"; };
		E4D6032626359EF500FAD1B4 /* MethodDetailView.swift */ = {isa = PBXFileReference; lastKnownFileType = sourcecode.swift; path = MethodDetailView.swift; sourceTree = "<group>"; };
		E4D6033426359F6700FAD1B4 /* InformationListItem.swift */ = {isa = PBXFileReference; lastKnownFileType = sourcecode.swift; path = InformationListItem.swift; sourceTree = "<group>"; };
		E4DE65E22598D370006FC81F /* SnapshotHelper.swift */ = {isa = PBXFileReference; fileEncoding = 4; lastKnownFileType = sourcecode.swift; path = SnapshotHelper.swift; sourceTree = SOURCE_ROOT; };
		E4F2ED4E263AB40C001375BE /* InformationDetailCoordinator.swift */ = {isa = PBXFileReference; lastKnownFileType = sourcecode.swift; path = InformationDetailCoordinator.swift; sourceTree = "<group>"; };
		E4F2ED50263AB480001375BE /* KnowledgeDetailView.swift */ = {isa = PBXFileReference; lastKnownFileType = sourcecode.swift; path = KnowledgeDetailView.swift; sourceTree = "<group>"; };
/* End PBXFileReference section */

/* Begin PBXFrameworksBuildPhase section */
		B3F3F3B325188A1000D91190 /* Frameworks */ = {
			isa = PBXFrameworksBuildPhase;
			buildActionMask = 2147483647;
			files = (
			);
			runOnlyForDeploymentPostprocessing = 0;
		};
		B3F3F3C425188A1300D91190 /* Frameworks */ = {
			isa = PBXFrameworksBuildPhase;
			buildActionMask = 2147483647;
			files = (
			);
			runOnlyForDeploymentPostprocessing = 0;
		};
		B3F3F3CF25188A1300D91190 /* Frameworks */ = {
			isa = PBXFrameworksBuildPhase;
			buildActionMask = 2147483647;
			files = (
			);
			runOnlyForDeploymentPostprocessing = 0;
		};
		E44773182561389100B772C2 /* Frameworks */ = {
			isa = PBXFrameworksBuildPhase;
			buildActionMask = 2147483647;
			files = (
				E44773202561389100B772C2 /* SwiftUI.framework in Frameworks */,
				E447731E2561389100B772C2 /* WidgetKit.framework in Frameworks */,
			);
			runOnlyForDeploymentPostprocessing = 0;
		};
		E491F010259D347200EAAE2F /* Frameworks */ = {
			isa = PBXFrameworksBuildPhase;
			buildActionMask = 2147483647;
			files = (
			);
			runOnlyForDeploymentPostprocessing = 0;
		};
/* End PBXFrameworksBuildPhase section */

/* Begin PBXGroup section */
		B31CEC18251E43BA00B7501E /* CafeView */ = {
			isa = PBXGroup;
			children = (
				B3F3F3EC25188DD300D91190 /* CoffeeView.swift */,
				E48DC25D2631B2E5009ED2FE /* FilterFormView.swift */,
				E4E270FE262D75C000EA2BBC /* ViewModels */,
				B3F3F438251900CA00D91190 /* CoffeeListItem.swift */,
				B3B8738A251B3EBD006CA136 /* CoffeeDetailView.swift */,
			);
			path = CafeView;
			sourceTree = "<group>";
		};
		B31CEC19251E43E500B7501E /* MapView */ = {
			isa = PBXGroup;
			children = (
				B3C3368B251DE78200755B1E /* AllCafesMapView.swift */,
				B31CEBF0251E279900B7501E /* MapViewStore.swift */,
				B31CEBE8251E1FF900B7501E /* MapView.swift */,
				E46CB8A32631D9890026F73B /* CafeAnnotation.swift */,
			);
			path = MapView;
			sourceTree = "<group>";
		};
		B32897B2251FA3340098A6E7 /* Top3 */ = {
			isa = PBXGroup;
			children = (
				B32897AD251FA1BA0098A6E7 /* DiscoveryView.swift */,
				E43188FB262DD47900530DEA /* DiscoveryCafeViewModel.swift */,
				E492FEFA2590EAEC00881C1F /* DiscoverItem.swift */,
			);
			path = Top3;
			sourceTree = "<group>";
		};
		B3B520822519D90200368F47 /* Resources */ = {
			isa = PBXGroup;
			children = (
				B3B520832519D90200368F47 /* cafeData.json */,
				E4A375E32632FC1A005695C5 /* RoasteryData.json */,
				E4A71136263427860032432D /* InformationData.json */,
				B3B520882519D92800368F47 /* Data.swift */,
				E43D22C4263AA5AD00F586B6 /* Complain.swift */,
				E43D22C6263AA5D900F586B6 /* ComplainData.json */,
				B3B5208D2519D93100368F47 /* Coffee.swift */,
				E4A7113D263429940032432D /* Information.swift */,
				E406A5512557F1BE002D199B /* DecodableDefaultSource.swift */,
			);
			path = Resources;
			sourceTree = "<group>";
		};
		B3C33687251DE74B00755B1E /* Helper */ = {
			isa = PBXGroup;
			children = (
				B330CEBF251C934900FB34E4 /* CoordinatesHelper.swift */,
				E409A141264C437300F74EA1 /* WeatherStore.swift */,
				E48AB830264AE1BE0022267B /* WeatherData.swift */,
				E48AB834264AE1C40022267B /* WeatherModel.swift */,
				E49119BE264C834900021A87 /* WeatherToolBarItem.swift */,
				B33571DD251E0C4D00D06BC4 /* AnnotationsHelper.swift */,
				B38960BC251B4C67001659FD /* LocationStore.swift */,
				B38960C1251B50A2001659FD /* RegionStore.swift */,
			);
			path = Helper;
			sourceTree = "<group>";
		};
		B3F3F3AD25188A1000D91190 = {
			isa = PBXGroup;
			children = (
				B3F3F3B825188A1100D91190 /* KOFFII 3.0 */,
				B3F3F3CA25188A1300D91190 /* KOFFII CGN 2.0Tests */,
				B3F3F3D525188A1300D91190 /* KOFFII CGN 2.0UITests */,
				E44773212561389100B772C2 /* KOFFII Widget */,
				E491F014259D347200EAAE2F /* KOFFIIAppClip */,
				E447731C2561389100B772C2 /* Frameworks */,
				B3F3F3B725188A1000D91190 /* Products */,
			);
			sourceTree = "<group>";
		};
		B3F3F3B725188A1000D91190 /* Products */ = {
			isa = PBXGroup;
			children = (
				B3F3F3B625188A1000D91190 /* KOFFII 3.0.app */,
				B3F3F3C725188A1300D91190 /* KOFFII 3.0Tests.xctest */,
				B3F3F3D225188A1300D91190 /* KOFFII 3.0UITests.xctest */,
				E447731B2561389100B772C2 /* KOFFII WidgetExtension.appex */,
				E491F013259D347200EAAE2F /* KOFFIIAppClip.app */,
			);
			name = Products;
			sourceTree = "<group>";
		};
		B3F3F3B825188A1100D91190 /* KOFFII 3.0 */ = {
			isa = PBXGroup;
			children = (
				B3F3F3B925188A1100D91190 /* KOFFII_3_0App.swift */,
				B3F3F43D2519022C00D91190 /* Navigation */,
				B3B520822519D90200368F47 /* Resources */,
				B3F3F4412519024600D91190 /* Items */,
				B3C33687251DE74B00755B1E /* Helper */,
				B32897B2251FA3340098A6E7 /* Top3 */,
				B31CEC19251E43E500B7501E /* MapView */,
				E4A71168263435330032432D /* Information */,
				B31CEC18251E43BA00B7501E /* CafeView */,
				B3F3F3BD25188A1300D91190 /* Assets.xcassets */,
				B3F3F3C225188A1300D91190 /* Info.plist */,
				B3F3F3BF25188A1300D91190 /* Preview Content */,
			);
			path = "KOFFII 3.0";
			sourceTree = "<group>";
		};
		B3F3F3BF25188A1300D91190 /* Preview Content */ = {
			isa = PBXGroup;
			children = (
				B3F3F3C025188A1300D91190 /* Preview Assets.xcassets */,
			);
			path = "Preview Content";
			sourceTree = "<group>";
		};
		B3F3F3CA25188A1300D91190 /* KOFFII CGN 2.0Tests */ = {
			isa = PBXGroup;
			children = (
				B3F3F3CB25188A1300D91190 /* KOFFII_CGN_2_0Tests.swift */,
				B3F3F3CD25188A1300D91190 /* Info.plist */,
			);
			path = "KOFFII CGN 2.0Tests";
			sourceTree = "<group>";
		};
		B3F3F3D525188A1300D91190 /* KOFFII CGN 2.0UITests */ = {
			isa = PBXGroup;
			children = (
				B3F3F3D625188A1300D91190 /* KOFFII_CGN_2_0UITests.swift */,
				E4DE65E22598D370006FC81F /* SnapshotHelper.swift */,
				B3F3F3D825188A1300D91190 /* Info.plist */,
			);
			path = "KOFFII CGN 2.0UITests";
			sourceTree = "<group>";
		};
		B3F3F43D2519022C00D91190 /* Navigation */ = {
			isa = PBXGroup;
			children = (
				E4B14DD4264E6E05008D0528 /* ContentView.swift */,
				B3B520922519E1C400368F47 /* TabBar.swift */,
				E4B14DD7264E6EB6008D0528 /* SideBar.swift */,
			);
			path = Navigation;
			sourceTree = "<group>";
		};
		B3F3F4412519024600D91190 /* Items */ = {
			isa = PBXGroup;
			children = (
				B31CEC08251E379400B7501E /* GoogleMapsButton.swift */,
				B31CEC0D251E386A00B7501E /* DismissButton.swift */,
			);
			path = Items;
			sourceTree = "<group>";
		};
		E447731C2561389100B772C2 /* Frameworks */ = {
			isa = PBXGroup;
			children = (
				E447731D2561389100B772C2 /* WidgetKit.framework */,
				E447731F2561389100B772C2 /* SwiftUI.framework */,
			);
			name = Frameworks;
			sourceTree = "<group>";
		};
		E44773212561389100B772C2 /* KOFFII Widget */ = {
			isa = PBXGroup;
			children = (
				E44773222561389100B772C2 /* KOFFII_Widget.swift */,
				E436F66D26374AEE004EA829 /* DiscoveryWidgetViewModel.swift */,
				E44773252561389200B772C2 /* Assets.xcassets */,
				E44773272561389200B772C2 /* Info.plist */,
			);
			path = "KOFFII Widget";
			sourceTree = "<group>";
		};
		E491F014259D347200EAAE2F /* KOFFIIAppClip */ = {
			isa = PBXGroup;
			children = (
				E491F015259D347200EAAE2F /* KOFFIIAppClipApp.swift */,
				E491F019259D347300EAAE2F /* Assets.xcassets */,
				E491F01E259D347300EAAE2F /* Info.plist */,
				E491F01F259D347300EAAE2F /* KOFFIIAppClip.entitlements */,
				E491F01B259D347300EAAE2F /* Preview Content */,
			);
			path = KOFFIIAppClip;
			sourceTree = "<group>";
		};
		E491F01B259D347300EAAE2F /* Preview Content */ = {
			isa = PBXGroup;
			children = (
				E491F01C259D347300EAAE2F /* Preview Assets.xcassets */,
			);
			path = "Preview Content";
			sourceTree = "<group>";
		};
		E4A71168263435330032432D /* Information */ = {
			isa = PBXGroup;
			children = (
				E4A7115026342B3C0032432D /* InformationView.swift */,
				E4D6033426359F6700FAD1B4 /* InformationListItem.swift */,
				E4F2ED4E263AB40C001375BE /* InformationDetailCoordinator.swift */,
				E4D6032626359EF500FAD1B4 /* MethodDetailView.swift */,
				E4F2ED50263AB480001375BE /* KnowledgeDetailView.swift */,
				E4A89F1D263AD2B4009E4A5B /* ComplainView.swift */,
			);
			path = Information;
			sourceTree = "<group>";
		};
		E4E270FE262D75C000EA2BBC /* ViewModels */ = {
			isa = PBXGroup;
			children = (
				E4318902262DD5F500530DEA /* CoffeeDetailViewModel.swift */,
				E4779676262CD571001CBE43 /* CoffeeListViewModel.swift */,
				E4779682262CD5B6001CBE43 /* CoffeeListItemViewModel.swift */,
			);
			path = ViewModels;
			sourceTree = "<group>";
		};
/* End PBXGroup section */

/* Begin PBXNativeTarget section */
		B3F3F3B525188A1000D91190 /* KOFFII 3.0 */ = {
			isa = PBXNativeTarget;
			buildConfigurationList = B3F3F3DB25188A1300D91190 /* Build configuration list for PBXNativeTarget "KOFFII 3.0" */;
			buildPhases = (
				B3F3F3B225188A1000D91190 /* Sources */,
				B3F3F3B325188A1000D91190 /* Frameworks */,
				B3F3F3B425188A1000D91190 /* Resources */,
				E447732D2561389200B772C2 /* Embed App Extensions */,
				E491F023259D347300EAAE2F /* Embed App Clips */,
			);
			buildRules = (
			);
			dependencies = (
				E447732B2561389200B772C2 /* PBXTargetDependency */,
				E491F021259D347300EAAE2F /* PBXTargetDependency */,
			);
			name = "KOFFII 3.0";
			packageProductDependencies = (
			);
			productName = "KOFFII CGN 2.0";
			productReference = B3F3F3B625188A1000D91190 /* KOFFII 3.0.app */;
			productType = "com.apple.product-type.application";
		};
		B3F3F3C625188A1300D91190 /* KOFFII 3.0Tests */ = {
			isa = PBXNativeTarget;
			buildConfigurationList = B3F3F3DE25188A1300D91190 /* Build configuration list for PBXNativeTarget "KOFFII 3.0Tests" */;
			buildPhases = (
				B3F3F3C325188A1300D91190 /* Sources */,
				B3F3F3C425188A1300D91190 /* Frameworks */,
				B3F3F3C525188A1300D91190 /* Resources */,
			);
			buildRules = (
			);
			dependencies = (
				B3F3F3C925188A1300D91190 /* PBXTargetDependency */,
			);
			name = "KOFFII 3.0Tests";
			productName = "KOFFII CGN 2.0Tests";
			productReference = B3F3F3C725188A1300D91190 /* KOFFII 3.0Tests.xctest */;
			productType = "com.apple.product-type.bundle.unit-test";
		};
		B3F3F3D125188A1300D91190 /* KOFFII 3.0UITests */ = {
			isa = PBXNativeTarget;
			buildConfigurationList = B3F3F3E125188A1300D91190 /* Build configuration list for PBXNativeTarget "KOFFII 3.0UITests" */;
			buildPhases = (
				B3F3F3CE25188A1300D91190 /* Sources */,
				B3F3F3CF25188A1300D91190 /* Frameworks */,
				B3F3F3D025188A1300D91190 /* Resources */,
			);
			buildRules = (
			);
			dependencies = (
				B3F3F3D425188A1300D91190 /* PBXTargetDependency */,
			);
			name = "KOFFII 3.0UITests";
			productName = "KOFFII CGN 2.0UITests";
			productReference = B3F3F3D225188A1300D91190 /* KOFFII 3.0UITests.xctest */;
			productType = "com.apple.product-type.bundle.ui-testing";
		};
		E447731A2561389100B772C2 /* KOFFII WidgetExtension */ = {
			isa = PBXNativeTarget;
			buildConfigurationList = E44773302561389200B772C2 /* Build configuration list for PBXNativeTarget "KOFFII WidgetExtension" */;
			buildPhases = (
				E44773172561389100B772C2 /* Sources */,
				E44773182561389100B772C2 /* Frameworks */,
				E44773192561389100B772C2 /* Resources */,
			);
			buildRules = (
			);
			dependencies = (
			);
			name = "KOFFII WidgetExtension";
			productName = "KOFFII WidgetExtension";
			productReference = E447731B2561389100B772C2 /* KOFFII WidgetExtension.appex */;
			productType = "com.apple.product-type.app-extension";
		};
		E491F012259D347200EAAE2F /* KOFFIIAppClip */ = {
			isa = PBXNativeTarget;
			buildConfigurationList = E491F026259D347300EAAE2F /* Build configuration list for PBXNativeTarget "KOFFIIAppClip" */;
			buildPhases = (
				E491F00F259D347200EAAE2F /* Sources */,
				E491F010259D347200EAAE2F /* Frameworks */,
				E491F011259D347200EAAE2F /* Resources */,
			);
			buildRules = (
			);
			dependencies = (
			);
			name = KOFFIIAppClip;
			productName = KOFFIIAppClip;
			productReference = E491F013259D347200EAAE2F /* KOFFIIAppClip.app */;
			productType = "com.apple.product-type.application.on-demand-install-capable";
		};
/* End PBXNativeTarget section */

/* Begin PBXProject section */
		B3F3F3AE25188A1000D91190 /* Project object */ = {
			isa = PBXProject;
			attributes = {
				LastSwiftUpdateCheck = 1230;
				LastUpgradeCheck = 1200;
				TargetAttributes = {
					B3F3F3B525188A1000D91190 = {
						CreatedOnToolsVersion = 12.0;
					};
					B3F3F3C625188A1300D91190 = {
						CreatedOnToolsVersion = 12.0;
						TestTargetID = B3F3F3B525188A1000D91190;
					};
					B3F3F3D125188A1300D91190 = {
						CreatedOnToolsVersion = 12.0;
						TestTargetID = B3F3F3B525188A1000D91190;
					};
					E447731A2561389100B772C2 = {
						CreatedOnToolsVersion = 12.2;
					};
					E491F012259D347200EAAE2F = {
						CreatedOnToolsVersion = 12.3;
					};
				};
			};
			buildConfigurationList = B3F3F3B125188A1000D91190 /* Build configuration list for PBXProject "KOFFII 3.0" */;
			compatibilityVersion = "Xcode 9.3";
			developmentRegion = en;
			hasScannedForEncodings = 0;
			knownRegions = (
				en,
				Base,
			);
			mainGroup = B3F3F3AD25188A1000D91190;
			packageReferences = (
			);
			productRefGroup = B3F3F3B725188A1000D91190 /* Products */;
			projectDirPath = "";
			projectRoot = "";
			targets = (
				B3F3F3B525188A1000D91190 /* KOFFII 3.0 */,
				B3F3F3C625188A1300D91190 /* KOFFII 3.0Tests */,
				B3F3F3D125188A1300D91190 /* KOFFII 3.0UITests */,
				E447731A2561389100B772C2 /* KOFFII WidgetExtension */,
				E491F012259D347200EAAE2F /* KOFFIIAppClip */,
			);
		};
/* End PBXProject section */

/* Begin PBXResourcesBuildPhase section */
		B3F3F3B425188A1000D91190 /* Resources */ = {
			isa = PBXResourcesBuildPhase;
			buildActionMask = 2147483647;
			files = (
				B3B520842519D90200368F47 /* cafeData.json in Resources */,
				B3F3F3C125188A1300D91190 /* Preview Assets.xcassets in Resources */,
				B3F3F3BE25188A1300D91190 /* Assets.xcassets in Resources */,
				E4A375E42632FC1A005695C5 /* RoasteryData.json in Resources */,
				E4A71137263427860032432D /* InformationData.json in Resources */,
				E43D22C7263AA5D900F586B6 /* ComplainData.json in Resources */,
			);
			runOnlyForDeploymentPostprocessing = 0;
		};
		B3F3F3C525188A1300D91190 /* Resources */ = {
			isa = PBXResourcesBuildPhase;
			buildActionMask = 2147483647;
			files = (
			);
			runOnlyForDeploymentPostprocessing = 0;
		};
		B3F3F3D025188A1300D91190 /* Resources */ = {
			isa = PBXResourcesBuildPhase;
			buildActionMask = 2147483647;
			files = (
			);
			runOnlyForDeploymentPostprocessing = 0;
		};
		E44773192561389100B772C2 /* Resources */ = {
			isa = PBXResourcesBuildPhase;
			buildActionMask = 2147483647;
			files = (
				E447734C25614CC600B772C2 /* cafeData.json in Resources */,
				E447736225615D9E00B772C2 /* Assets.xcassets in Resources */,
				E44773262561389200B772C2 /* Assets.xcassets in Resources */,
			);
			runOnlyForDeploymentPostprocessing = 0;
		};
		E491F011259D347200EAAE2F /* Resources */ = {
			isa = PBXResourcesBuildPhase;
			buildActionMask = 2147483647;
			files = (
				E491F039259D368B00EAAE2F /* cafeData.json in Resources */,
				E491F01D259D347300EAAE2F /* Preview Assets.xcassets in Resources */,
				E491F042259D368B00EAAE2F /* Assets.xcassets in Resources */,
				E491F01A259D347300EAAE2F /* Assets.xcassets in Resources */,
			);
			runOnlyForDeploymentPostprocessing = 0;
		};
/* End PBXResourcesBuildPhase section */

/* Begin PBXSourcesBuildPhase section */
		B3F3F3B225188A1000D91190 /* Sources */ = {
			isa = PBXSourcesBuildPhase;
			buildActionMask = 2147483647;
			files = (
				B31CEC09251E379400B7501E /* GoogleMapsButton.swift in Sources */,
				B38960C2251B50A2001659FD /* RegionStore.swift in Sources */,
				E4D6032726359EF500FAD1B4 /* MethodDetailView.swift in Sources */,
				B32897AE251FA1BA0098A6E7 /* DiscoveryView.swift in Sources */,
				E48AB835264AE1C40022267B /* WeatherModel.swift in Sources */,
				B3F3F3ED25188DD300D91190 /* CoffeeView.swift in Sources */,
				B31CEBE9251E1FF900B7501E /* MapView.swift in Sources */,
				B3C3368C251DE78200755B1E /* AllCafesMapView.swift in Sources */,
				E4318903262DD5F500530DEA /* CoffeeDetailViewModel.swift in Sources */,
				E4F2ED4F263AB40C001375BE /* InformationDetailCoordinator.swift in Sources */,
				E4B14DD8264E6EB6008D0528 /* SideBar.swift in Sources */,
				E46CB8A42631D9890026F73B /* CafeAnnotation.swift in Sources */,
				E406A5522557F1BE002D199B /* DecodableDefaultSource.swift in Sources */,
				B31CEBF1251E279900B7501E /* MapViewStore.swift in Sources */,
				B3B8738B251B3EBD006CA136 /* CoffeeDetailView.swift in Sources */,
				B3F3F439251900CA00D91190 /* CoffeeListItem.swift in Sources */,
				B3F3F3BA25188A1100D91190 /* KOFFII_3_0App.swift in Sources */,
				E43188FC262DD47900530DEA /* DiscoveryCafeViewModel.swift in Sources */,
				E49119BF264C834900021A87 /* WeatherToolBarItem.swift in Sources */,
				E409A142264C437300F74EA1 /* WeatherStore.swift in Sources */,
				E4F2ED51263AB480001375BE /* KnowledgeDetailView.swift in Sources */,
				E436F66E26374AEE004EA829 /* DiscoveryWidgetViewModel.swift in Sources */,
				E43D22C5263AA5AD00F586B6 /* Complain.swift in Sources */,
				E4D6033526359F6700FAD1B4 /* InformationListItem.swift in Sources */,
				E4B14DD5264E6E05008D0528 /* ContentView.swift in Sources */,
				B31CEC0E251E386A00B7501E /* DismissButton.swift in Sources */,
				B3B520892519D92800368F47 /* Data.swift in Sources */,
				B33571DE251E0C4D00D06BC4 /* AnnotationsHelper.swift in Sources */,
				E4779683262CD5B6001CBE43 /* CoffeeListItemViewModel.swift in Sources */,
				E4A7113E263429940032432D /* Information.swift in Sources */,
				B3B5208E2519D93100368F47 /* Coffee.swift in Sources */,
				E4A89F1E263AD2B4009E4A5B /* ComplainView.swift in Sources */,
				E48DC25E2631B2E5009ED2FE /* FilterFormView.swift in Sources */,
				E4779677262CD571001CBE43 /* CoffeeListViewModel.swift in Sources */,
				B38960BD251B4C68001659FD /* LocationStore.swift in Sources */,
				E492FEFB2590EAEC00881C1F /* DiscoverItem.swift in Sources */,
				E4A7115126342B3C0032432D /* InformationView.swift in Sources */,
				B3B520932519E1C400368F47 /* TabBar.swift in Sources */,
				E48AB831264AE1BE0022267B /* WeatherData.swift in Sources */,
				B330CEC0251C934900FB34E4 /* CoordinatesHelper.swift in Sources */,
			);
			runOnlyForDeploymentPostprocessing = 0;
		};
		B3F3F3C325188A1300D91190 /* Sources */ = {
			isa = PBXSourcesBuildPhase;
			buildActionMask = 2147483647;
			files = (
				B3F3F3CC25188A1300D91190 /* KOFFII_CGN_2_0Tests.swift in Sources */,
			);
			runOnlyForDeploymentPostprocessing = 0;
		};
		B3F3F3CE25188A1300D91190 /* Sources */ = {
			isa = PBXSourcesBuildPhase;
			buildActionMask = 2147483647;
			files = (
				B3F3F3D725188A1300D91190 /* KOFFII_CGN_2_0UITests.swift in Sources */,
				E4DE65E32598D370006FC81F /* SnapshotHelper.swift in Sources */,
			);
			runOnlyForDeploymentPostprocessing = 0;
		};
		E44773172561389100B772C2 /* Sources */ = {
			isa = PBXSourcesBuildPhase;
			buildActionMask = 2147483647;
			files = (
				E45C6B4826496EA900D6F179 /* InformationListItem.swift in Sources */,
				E4A7114A26342B2D0032432D /* Information.swift in Sources */,
				E447735525614CDD00B772C2 /* CoordinatesHelper.swift in Sources */,
				E4F2ED56263AB5C7001375BE /* MethodDetailView.swift in Sources */,
				E4A89F20263AD50E009E4A5B /* ComplainView.swift in Sources */,
				E447734E25614CC600B772C2 /* DecodableDefaultSource.swift in Sources */,
				E49119C0264C844D00021A87 /* WeatherToolBarItem.swift in Sources */,
				E431891B262DD65300530DEA /* CoffeeDetailViewModel.swift in Sources */,
				E431890F262DD63400530DEA /* DiscoveryCafeViewModel.swift in Sources */,
				E447734F25614CC600B772C2 /* Data.swift in Sources */,
				E48AB836264AE1C40022267B /* WeatherModel.swift in Sources */,
				E47796A4262CDFBB001CBE43 /* CoffeeListItemViewModel.swift in Sources */,
				E447735425614CDD00B772C2 /* LocationStore.swift in Sources */,
				E409A143264C4DBA00F74EA1 /* WeatherStore.swift in Sources */,
				E447735D25614CF300B772C2 /* GoogleMapsButton.swift in Sources */,
				E447736C256166C600B772C2 /* CoffeeListItem.swift in Sources */,
				E47796AA262CDFBE001CBE43 /* CoffeeListViewModel.swift in Sources */,
				E447735725614CDD00B772C2 /* AnnotationsHelper.swift in Sources */,
				E48AB832264AE1BE0022267B /* WeatherData.swift in Sources */,
				E4F2ED55263AB5C4001375BE /* KnowledgeDetailView.swift in Sources */,
				E43D22CA263AA70D00F586B6 /* Complain.swift in Sources */,
				E447735625614CDD00B772C2 /* RegionStore.swift in Sources */,
				E44773672561661B00B772C2 /* CoffeeDetailView.swift in Sources */,
				E44773232561389100B772C2 /* KOFFII_Widget.swift in Sources */,
				E4F2ED53263AB5BE001375BE /* InformationDetailCoordinator.swift in Sources */,
				E436F67426374B83004EA829 /* DiscoveryWidgetViewModel.swift in Sources */,
				E46CB8B02631DACE0026F73B /* CafeAnnotation.swift in Sources */,
				E447735C25614CF300B772C2 /* DismissButton.swift in Sources */,
				E447734D25614CC600B772C2 /* Coffee.swift in Sources */,
			);
			runOnlyForDeploymentPostprocessing = 0;
		};
		E491F00F259D347200EAAE2F /* Sources */ = {
			isa = PBXSourcesBuildPhase;
			buildActionMask = 2147483647;
			files = (
				E409A144264C4DBB00F74EA1 /* WeatherStore.swift in Sources */,
				E491F033259D368B00EAAE2F /* LocationStore.swift in Sources */,
				E4779698262CDD25001CBE43 /* CoffeeListViewModel.swift in Sources */,
				E4F2ED54263AB5C4001375BE /* KnowledgeDetailView.swift in Sources */,
				E491F03F259D368B00EAAE2F /* RegionStore.swift in Sources */,
				E49119C1264C844D00021A87 /* WeatherToolBarItem.swift in Sources */,
				E491F034259D368B00EAAE2F /* DiscoverItem.swift in Sources */,
				E4B14DD9264E7080008D0528 /* SideBar.swift in Sources */,
				E4318915262DD65300530DEA /* CoffeeDetailViewModel.swift in Sources */,
				E4B14DD6264E6E10008D0528 /* ContentView.swift in Sources */,
				E4909E242639D1CA0060A0A5 /* MethodDetailView.swift in Sources */,
				E4F2ED52263AB5BA001375BE /* InformationDetailCoordinator.swift in Sources */,
				E491F031259D368B00EAAE2F /* MapView.swift in Sources */,
				E491F02F259D368B00EAAE2F /* DiscoveryView.swift in Sources */,
				E46CB8AA2631DACE0026F73B /* CafeAnnotation.swift in Sources */,
				E491F036259D368B00EAAE2F /* GoogleMapsButton.swift in Sources */,
				E491F02E259D368B00EAAE2F /* CoordinatesHelper.swift in Sources */,
				E491F037259D368B00EAAE2F /* MapViewStore.swift in Sources */,
				E491F07D259E04C300EAAE2F /* KOFFIIAppClipApp.swift in Sources */,
				E48AB833264AE1BE0022267B /* WeatherData.swift in Sources */,
				E4318909262DD63300530DEA /* DiscoveryCafeViewModel.swift in Sources */,
				E491F03C259D368B00EAAE2F /* CoffeeDetailView.swift in Sources */,
				E491F041259D368B00EAAE2F /* DismissButton.swift in Sources */,
				E477969E262CDD29001CBE43 /* CoffeeListItemViewModel.swift in Sources */,
				E491F02D259D368B00EAAE2F /* Coffee.swift in Sources */,
				E48AB837264AE1C40022267B /* WeatherModel.swift in Sources */,
				E4D603562635B53700FAD1B4 /* InformationListItem.swift in Sources */,
				E48DC2762631B99B009ED2FE /* FilterFormView.swift in Sources */,
				E4A7114426342B2D0032432D /* Information.swift in Sources */,
				E491F043259D368B00EAAE2F /* CoffeeListItem.swift in Sources */,
				E4A89F1F263AD50D009E4A5B /* ComplainView.swift in Sources */,
				E43D22C8263AA6E800F586B6 /* Complain.swift in Sources */,
				E491F02C259D368B00EAAE2F /* AnnotationsHelper.swift in Sources */,
				E491F044259D368B00EAAE2F /* TabBar.swift in Sources */,
				E491F03D259D368B00EAAE2F /* DecodableDefaultSource.swift in Sources */,
				E491F035259D368B00EAAE2F /* CoffeeView.swift in Sources */,
				E4A7115C26342BC70032432D /* InformationView.swift in Sources */,
				E491F03A259D368B00EAAE2F /* Data.swift in Sources */,
				E491F03B259D368B00EAAE2F /* AllCafesMapView.swift in Sources */,
			);
			runOnlyForDeploymentPostprocessing = 0;
		};
/* End PBXSourcesBuildPhase section */

/* Begin PBXTargetDependency section */
		B3F3F3C925188A1300D91190 /* PBXTargetDependency */ = {
			isa = PBXTargetDependency;
			target = B3F3F3B525188A1000D91190 /* KOFFII 3.0 */;
			targetProxy = B3F3F3C825188A1300D91190 /* PBXContainerItemProxy */;
		};
		B3F3F3D425188A1300D91190 /* PBXTargetDependency */ = {
			isa = PBXTargetDependency;
			target = B3F3F3B525188A1000D91190 /* KOFFII 3.0 */;
			targetProxy = B3F3F3D325188A1300D91190 /* PBXContainerItemProxy */;
		};
		E447732B2561389200B772C2 /* PBXTargetDependency */ = {
			isa = PBXTargetDependency;
			target = E447731A2561389100B772C2 /* KOFFII WidgetExtension */;
			targetProxy = E447732A2561389200B772C2 /* PBXContainerItemProxy */;
		};
		E491F021259D347300EAAE2F /* PBXTargetDependency */ = {
			isa = PBXTargetDependency;
			target = E491F012259D347200EAAE2F /* KOFFIIAppClip */;
			targetProxy = E491F020259D347300EAAE2F /* PBXContainerItemProxy */;
		};
/* End PBXTargetDependency section */

/* Begin XCBuildConfiguration section */
		B3F3F3D925188A1300D91190 /* Debug */ = {
			isa = XCBuildConfiguration;
			buildSettings = {
				ALWAYS_SEARCH_USER_PATHS = NO;
				CLANG_ANALYZER_NONNULL = YES;
				CLANG_ANALYZER_NUMBER_OBJECT_CONVERSION = YES_AGGRESSIVE;
				CLANG_CXX_LANGUAGE_STANDARD = "gnu++14";
				CLANG_CXX_LIBRARY = "libc++";
				CLANG_ENABLE_MODULES = YES;
				CLANG_ENABLE_OBJC_ARC = YES;
				CLANG_ENABLE_OBJC_WEAK = YES;
				CLANG_WARN_BLOCK_CAPTURE_AUTORELEASING = YES;
				CLANG_WARN_BOOL_CONVERSION = YES;
				CLANG_WARN_COMMA = YES;
				CLANG_WARN_CONSTANT_CONVERSION = YES;
				CLANG_WARN_DEPRECATED_OBJC_IMPLEMENTATIONS = YES;
				CLANG_WARN_DIRECT_OBJC_ISA_USAGE = YES_ERROR;
				CLANG_WARN_DOCUMENTATION_COMMENTS = YES;
				CLANG_WARN_EMPTY_BODY = YES;
				CLANG_WARN_ENUM_CONVERSION = YES;
				CLANG_WARN_INFINITE_RECURSION = YES;
				CLANG_WARN_INT_CONVERSION = YES;
				CLANG_WARN_NON_LITERAL_NULL_CONVERSION = YES;
				CLANG_WARN_OBJC_IMPLICIT_RETAIN_SELF = YES;
				CLANG_WARN_OBJC_LITERAL_CONVERSION = YES;
				CLANG_WARN_OBJC_ROOT_CLASS = YES_ERROR;
				CLANG_WARN_QUOTED_INCLUDE_IN_FRAMEWORK_HEADER = YES;
				CLANG_WARN_RANGE_LOOP_ANALYSIS = YES;
				CLANG_WARN_STRICT_PROTOTYPES = YES;
				CLANG_WARN_SUSPICIOUS_MOVE = YES;
				CLANG_WARN_UNGUARDED_AVAILABILITY = YES_AGGRESSIVE;
				CLANG_WARN_UNREACHABLE_CODE = YES;
				CLANG_WARN__DUPLICATE_METHOD_MATCH = YES;
				COPY_PHASE_STRIP = NO;
				DEBUG_INFORMATION_FORMAT = dwarf;
				ENABLE_STRICT_OBJC_MSGSEND = YES;
				ENABLE_TESTABILITY = YES;
				GCC_C_LANGUAGE_STANDARD = gnu11;
				GCC_DYNAMIC_NO_PIC = NO;
				GCC_NO_COMMON_BLOCKS = YES;
				GCC_OPTIMIZATION_LEVEL = 0;
				GCC_PREPROCESSOR_DEFINITIONS = (
					"DEBUG=1",
					"$(inherited)",
				);
				GCC_WARN_64_TO_32_BIT_CONVERSION = YES;
				GCC_WARN_ABOUT_RETURN_TYPE = YES_ERROR;
				GCC_WARN_UNDECLARED_SELECTOR = YES;
				GCC_WARN_UNINITIALIZED_AUTOS = YES_AGGRESSIVE;
				GCC_WARN_UNUSED_FUNCTION = YES;
				GCC_WARN_UNUSED_VARIABLE = YES;
				IPHONEOS_DEPLOYMENT_TARGET = 14.0;
				MTL_ENABLE_DEBUG_INFO = INCLUDE_SOURCE;
				MTL_FAST_MATH = YES;
				ONLY_ACTIVE_ARCH = YES;
				SDKROOT = iphoneos;
				SWIFT_ACTIVE_COMPILATION_CONDITIONS = DEBUG;
				SWIFT_OPTIMIZATION_LEVEL = "-Onone";
			};
			name = Debug;
		};
		B3F3F3DA25188A1300D91190 /* Release */ = {
			isa = XCBuildConfiguration;
			buildSettings = {
				ALWAYS_SEARCH_USER_PATHS = NO;
				CLANG_ANALYZER_NONNULL = YES;
				CLANG_ANALYZER_NUMBER_OBJECT_CONVERSION = YES_AGGRESSIVE;
				CLANG_CXX_LANGUAGE_STANDARD = "gnu++14";
				CLANG_CXX_LIBRARY = "libc++";
				CLANG_ENABLE_MODULES = YES;
				CLANG_ENABLE_OBJC_ARC = YES;
				CLANG_ENABLE_OBJC_WEAK = YES;
				CLANG_WARN_BLOCK_CAPTURE_AUTORELEASING = YES;
				CLANG_WARN_BOOL_CONVERSION = YES;
				CLANG_WARN_COMMA = YES;
				CLANG_WARN_CONSTANT_CONVERSION = YES;
				CLANG_WARN_DEPRECATED_OBJC_IMPLEMENTATIONS = YES;
				CLANG_WARN_DIRECT_OBJC_ISA_USAGE = YES_ERROR;
				CLANG_WARN_DOCUMENTATION_COMMENTS = YES;
				CLANG_WARN_EMPTY_BODY = YES;
				CLANG_WARN_ENUM_CONVERSION = YES;
				CLANG_WARN_INFINITE_RECURSION = YES;
				CLANG_WARN_INT_CONVERSION = YES;
				CLANG_WARN_NON_LITERAL_NULL_CONVERSION = YES;
				CLANG_WARN_OBJC_IMPLICIT_RETAIN_SELF = YES;
				CLANG_WARN_OBJC_LITERAL_CONVERSION = YES;
				CLANG_WARN_OBJC_ROOT_CLASS = YES_ERROR;
				CLANG_WARN_QUOTED_INCLUDE_IN_FRAMEWORK_HEADER = YES;
				CLANG_WARN_RANGE_LOOP_ANALYSIS = YES;
				CLANG_WARN_STRICT_PROTOTYPES = YES;
				CLANG_WARN_SUSPICIOUS_MOVE = YES;
				CLANG_WARN_UNGUARDED_AVAILABILITY = YES_AGGRESSIVE;
				CLANG_WARN_UNREACHABLE_CODE = YES;
				CLANG_WARN__DUPLICATE_METHOD_MATCH = YES;
				COPY_PHASE_STRIP = NO;
				DEBUG_INFORMATION_FORMAT = "dwarf-with-dsym";
				ENABLE_NS_ASSERTIONS = NO;
				ENABLE_STRICT_OBJC_MSGSEND = YES;
				GCC_C_LANGUAGE_STANDARD = gnu11;
				GCC_NO_COMMON_BLOCKS = YES;
				GCC_WARN_64_TO_32_BIT_CONVERSION = YES;
				GCC_WARN_ABOUT_RETURN_TYPE = YES_ERROR;
				GCC_WARN_UNDECLARED_SELECTOR = YES;
				GCC_WARN_UNINITIALIZED_AUTOS = YES_AGGRESSIVE;
				GCC_WARN_UNUSED_FUNCTION = YES;
				GCC_WARN_UNUSED_VARIABLE = YES;
				IPHONEOS_DEPLOYMENT_TARGET = 14.0;
				MTL_ENABLE_DEBUG_INFO = NO;
				MTL_FAST_MATH = YES;
				SDKROOT = iphoneos;
				SWIFT_COMPILATION_MODE = wholemodule;
				SWIFT_OPTIMIZATION_LEVEL = "-O";
				VALIDATE_PRODUCT = YES;
			};
			name = Release;
		};
		B3F3F3DC25188A1300D91190 /* Debug */ = {
			isa = XCBuildConfiguration;
			buildSettings = {
				ALWAYS_EMBED_SWIFT_STANDARD_LIBRARIES = YES;
				ASSETCATALOG_COMPILER_APPICON_NAME = AppIcon;
				ASSETCATALOG_COMPILER_GLOBAL_ACCENT_COLOR_NAME = AccentColor;
				CODE_SIGN_IDENTITY = "Apple Development";
				CODE_SIGN_STYLE = Automatic;
				CURRENT_PROJECT_VERSION = 10;
				DEVELOPMENT_ASSET_PATHS = "\"KOFFII 3.0/Preview Content\"";
				DEVELOPMENT_TEAM = YLGTKU7SLK;
				ENABLE_PREVIEWS = YES;
				INFOPLIST_FILE = "KOFFII 3.0/Info.plist";
				IPHONEOS_DEPLOYMENT_TARGET = 14.0;
				LD_RUNPATH_SEARCH_PATHS = (
					"$(inherited)",
					"@executable_path/Frameworks",
				);
				MARKETING_VERSION = 6.3;
				PRODUCT_BUNDLE_IDENTIFIER = "com.sketchup.PU-.a-simple-coffee-guide-endversion";
				PRODUCT_NAME = "$(TARGET_NAME)";
				PROVISIONING_PROFILE_SPECIFIER = "";
				SWIFT_VERSION = 5.0;
				TARGETED_DEVICE_FAMILY = "1,2";
			};
			name = Debug;
		};
		B3F3F3DD25188A1300D91190 /* Release */ = {
			isa = XCBuildConfiguration;
			buildSettings = {
				ALWAYS_EMBED_SWIFT_STANDARD_LIBRARIES = YES;
				ASSETCATALOG_COMPILER_APPICON_NAME = AppIcon;
				ASSETCATALOG_COMPILER_GLOBAL_ACCENT_COLOR_NAME = AccentColor;
				CODE_SIGN_IDENTITY = "Apple Development";
				CODE_SIGN_STYLE = Automatic;
				CURRENT_PROJECT_VERSION = 10;
				DEVELOPMENT_ASSET_PATHS = "\"KOFFII 3.0/Preview Content\"";
				DEVELOPMENT_TEAM = YLGTKU7SLK;
				ENABLE_PREVIEWS = YES;
				INFOPLIST_FILE = "KOFFII 3.0/Info.plist";
				IPHONEOS_DEPLOYMENT_TARGET = 14.0;
				LD_RUNPATH_SEARCH_PATHS = (
					"$(inherited)",
					"@executable_path/Frameworks",
				);
				MARKETING_VERSION = 6.3;
				PRODUCT_BUNDLE_IDENTIFIER = "com.sketchup.PU-.a-simple-coffee-guide-endversion";
				PRODUCT_NAME = "$(TARGET_NAME)";
				PROVISIONING_PROFILE_SPECIFIER = "";
				SWIFT_VERSION = 5.0;
				TARGETED_DEVICE_FAMILY = "1,2";
			};
			name = Release;
		};
		B3F3F3DF25188A1300D91190 /* Debug */ = {
			isa = XCBuildConfiguration;
			buildSettings = {
				ALWAYS_EMBED_SWIFT_STANDARD_LIBRARIES = YES;
				BUNDLE_LOADER = "$(TEST_HOST)";
				CODE_SIGN_STYLE = Automatic;
				DEVELOPMENT_TEAM = YLGTKU7SLK;
				INFOPLIST_FILE = "KOFFII CGN 2.0Tests/Info.plist";
				IPHONEOS_DEPLOYMENT_TARGET = 14.0;
				LD_RUNPATH_SEARCH_PATHS = (
					"$(inherited)",
					"@executable_path/Frameworks",
					"@loader_path/Frameworks",
				);
				PRODUCT_BUNDLE_IDENTIFIER = "quechup.KOFFII-CGN-2-0Tests";
				PRODUCT_NAME = "$(TARGET_NAME)";
				SWIFT_VERSION = 5.0;
				TARGETED_DEVICE_FAMILY = "1,2";
				TEST_HOST = "$(BUILT_PRODUCTS_DIR)/KOFFII 3.0.app/KOFFII 3.0";
			};
			name = Debug;
		};
		B3F3F3E025188A1300D91190 /* Release */ = {
			isa = XCBuildConfiguration;
			buildSettings = {
				ALWAYS_EMBED_SWIFT_STANDARD_LIBRARIES = YES;
				BUNDLE_LOADER = "$(TEST_HOST)";
				CODE_SIGN_STYLE = Automatic;
				DEVELOPMENT_TEAM = YLGTKU7SLK;
				INFOPLIST_FILE = "KOFFII CGN 2.0Tests/Info.plist";
				IPHONEOS_DEPLOYMENT_TARGET = 14.0;
				LD_RUNPATH_SEARCH_PATHS = (
					"$(inherited)",
					"@executable_path/Frameworks",
					"@loader_path/Frameworks",
				);
				PRODUCT_BUNDLE_IDENTIFIER = "quechup.KOFFII-CGN-2-0Tests";
				PRODUCT_NAME = "$(TARGET_NAME)";
				SWIFT_VERSION = 5.0;
				TARGETED_DEVICE_FAMILY = "1,2";
				TEST_HOST = "$(BUILT_PRODUCTS_DIR)/KOFFII 3.0.app/KOFFII 3.0";
			};
			name = Release;
		};
		B3F3F3E225188A1300D91190 /* Debug */ = {
			isa = XCBuildConfiguration;
			buildSettings = {
				ALWAYS_EMBED_SWIFT_STANDARD_LIBRARIES = YES;
				CODE_SIGN_STYLE = Automatic;
				DEVELOPMENT_TEAM = YLGTKU7SLK;
				INFOPLIST_FILE = "KOFFII CGN 2.0UITests/Info.plist";
				LD_RUNPATH_SEARCH_PATHS = (
					"$(inherited)",
					"@executable_path/Frameworks",
					"@loader_path/Frameworks",
				);
				PRODUCT_BUNDLE_IDENTIFIER = "quechup.KOFFII-CGN-2-0UITests";
				PRODUCT_NAME = "$(TARGET_NAME)";
				SWIFT_VERSION = 5.0;
				TARGETED_DEVICE_FAMILY = "1,2";
				TEST_TARGET_NAME = "KOFFII CGN 2.0";
			};
			name = Debug;
		};
		B3F3F3E325188A1300D91190 /* Release */ = {
			isa = XCBuildConfiguration;
			buildSettings = {
				ALWAYS_EMBED_SWIFT_STANDARD_LIBRARIES = YES;
				CODE_SIGN_STYLE = Automatic;
				DEVELOPMENT_TEAM = YLGTKU7SLK;
				INFOPLIST_FILE = "KOFFII CGN 2.0UITests/Info.plist";
				LD_RUNPATH_SEARCH_PATHS = (
					"$(inherited)",
					"@executable_path/Frameworks",
					"@loader_path/Frameworks",
				);
				PRODUCT_BUNDLE_IDENTIFIER = "quechup.KOFFII-CGN-2-0UITests";
				PRODUCT_NAME = "$(TARGET_NAME)";
				SWIFT_VERSION = 5.0;
				TARGETED_DEVICE_FAMILY = "1,2";
				TEST_TARGET_NAME = "KOFFII CGN 2.0";
			};
			name = Release;
		};
		E447732E2561389200B772C2 /* Debug */ = {
			isa = XCBuildConfiguration;
			buildSettings = {
				ASSETCATALOG_COMPILER_GLOBAL_ACCENT_COLOR_NAME = AccentColor;
				ASSETCATALOG_COMPILER_WIDGET_BACKGROUND_COLOR_NAME = WidgetBackground;
				CODE_SIGN_IDENTITY = "Apple Development";
				CODE_SIGN_STYLE = Automatic;
				CURRENT_PROJECT_VERSION = 10;
				DEVELOPMENT_TEAM = YLGTKU7SLK;
				INFOPLIST_FILE = "KOFFII Widget/Info.plist";
				IPHONEOS_DEPLOYMENT_TARGET = 14.2;
				LD_RUNPATH_SEARCH_PATHS = (
					"$(inherited)",
					"@executable_path/Frameworks",
					"@executable_path/../../Frameworks",
				);
				MARKETING_VERSION = 6.3;
				PRODUCT_BUNDLE_IDENTIFIER = "com.sketchup.PU-.a-simple-coffee-guide-endversion.KOFFII-Widget";
				PRODUCT_NAME = "$(TARGET_NAME)";
				PROVISIONING_PROFILE_SPECIFIER = "";
				SKIP_INSTALL = YES;
				SWIFT_VERSION = 5.0;
				TARGETED_DEVICE_FAMILY = "1,2";
			};
			name = Debug;
		};
		E447732F2561389200B772C2 /* Release */ = {
			isa = XCBuildConfiguration;
			buildSettings = {
				ASSETCATALOG_COMPILER_GLOBAL_ACCENT_COLOR_NAME = AccentColor;
				ASSETCATALOG_COMPILER_WIDGET_BACKGROUND_COLOR_NAME = WidgetBackground;
				CODE_SIGN_IDENTITY = "Apple Development";
				CODE_SIGN_STYLE = Automatic;
				CURRENT_PROJECT_VERSION = 10;
				DEVELOPMENT_TEAM = YLGTKU7SLK;
				INFOPLIST_FILE = "KOFFII Widget/Info.plist";
				IPHONEOS_DEPLOYMENT_TARGET = 14.2;
				LD_RUNPATH_SEARCH_PATHS = (
					"$(inherited)",
					"@executable_path/Frameworks",
					"@executable_path/../../Frameworks",
				);
				MARKETING_VERSION = 6.3;
				PRODUCT_BUNDLE_IDENTIFIER = "com.sketchup.PU-.a-simple-coffee-guide-endversion.KOFFII-Widget";
				PRODUCT_NAME = "$(TARGET_NAME)";
				PROVISIONING_PROFILE_SPECIFIER = "";
				SKIP_INSTALL = YES;
				SWIFT_VERSION = 5.0;
				TARGETED_DEVICE_FAMILY = "1,2";
			};
			name = Release;
		};
		E491F024259D347300EAAE2F /* Debug */ = {
			isa = XCBuildConfiguration;
			buildSettings = {
				ASSETCATALOG_COMPILER_APPICON_NAME = AppIcon;
				ASSETCATALOG_COMPILER_GLOBAL_ACCENT_COLOR_NAME = AccentColor;
				CODE_SIGN_ENTITLEMENTS = KOFFIIAppClip/KOFFIIAppClip.entitlements;
				CODE_SIGN_IDENTITY = "Apple Development";
				CODE_SIGN_STYLE = Automatic;
				DEVELOPMENT_ASSET_PATHS = "\"KOFFIIAppClip/Preview Content\"";
				DEVELOPMENT_TEAM = YLGTKU7SLK;
				ENABLE_PREVIEWS = YES;
				INFOPLIST_FILE = KOFFIIAppClip/Info.plist;
				IPHONEOS_DEPLOYMENT_TARGET = 14.3;
				LD_RUNPATH_SEARCH_PATHS = (
					"$(inherited)",
					"@executable_path/Frameworks",
				);
				MARKETING_VERSION = 6.3;
				PRODUCT_BUNDLE_IDENTIFIER = "com.sketchup.PU-.a-simple-coffee-guide-endversion.Clip";
				PRODUCT_NAME = "$(TARGET_NAME)";
				SWIFT_VERSION = 5.0;
				TARGETED_DEVICE_FAMILY = "1,2";
			};
			name = Debug;
		};
		E491F025259D347300EAAE2F /* Release */ = {
			isa = XCBuildConfiguration;
			buildSettings = {
				ASSETCATALOG_COMPILER_APPICON_NAME = AppIcon;
				ASSETCATALOG_COMPILER_GLOBAL_ACCENT_COLOR_NAME = AccentColor;
				CODE_SIGN_ENTITLEMENTS = KOFFIIAppClip/KOFFIIAppClip.entitlements;
				CODE_SIGN_IDENTITY = "Apple Development";
				CODE_SIGN_STYLE = Automatic;
				DEVELOPMENT_ASSET_PATHS = "\"KOFFIIAppClip/Preview Content\"";
				DEVELOPMENT_TEAM = YLGTKU7SLK;
				ENABLE_PREVIEWS = YES;
				INFOPLIST_FILE = KOFFIIAppClip/Info.plist;
				IPHONEOS_DEPLOYMENT_TARGET = 14.3;
				LD_RUNPATH_SEARCH_PATHS = (
					"$(inherited)",
					"@executable_path/Frameworks",
				);
				MARKETING_VERSION = 6.3;
				PRODUCT_BUNDLE_IDENTIFIER = "com.sketchup.PU-.a-simple-coffee-guide-endversion.Clip";
				PRODUCT_NAME = "$(TARGET_NAME)";
				SWIFT_VERSION = 5.0;
				TARGETED_DEVICE_FAMILY = "1,2";
			};
			name = Release;
		};
/* End XCBuildConfiguration section */

/* Begin XCConfigurationList section */
		B3F3F3B125188A1000D91190 /* Build configuration list for PBXProject "KOFFII 3.0" */ = {
			isa = XCConfigurationList;
			buildConfigurations = (
				B3F3F3D925188A1300D91190 /* Debug */,
				B3F3F3DA25188A1300D91190 /* Release */,
			);
			defaultConfigurationIsVisible = 0;
			defaultConfigurationName = Release;
		};
		B3F3F3DB25188A1300D91190 /* Build configuration list for PBXNativeTarget "KOFFII 3.0" */ = {
			isa = XCConfigurationList;
			buildConfigurations = (
				B3F3F3DC25188A1300D91190 /* Debug */,
				B3F3F3DD25188A1300D91190 /* Release */,
			);
			defaultConfigurationIsVisible = 0;
			defaultConfigurationName = Release;
		};
		B3F3F3DE25188A1300D91190 /* Build configuration list for PBXNativeTarget "KOFFII 3.0Tests" */ = {
			isa = XCConfigurationList;
			buildConfigurations = (
				B3F3F3DF25188A1300D91190 /* Debug */,
				B3F3F3E025188A1300D91190 /* Release */,
			);
			defaultConfigurationIsVisible = 0;
			defaultConfigurationName = Release;
		};
		B3F3F3E125188A1300D91190 /* Build configuration list for PBXNativeTarget "KOFFII 3.0UITests" */ = {
			isa = XCConfigurationList;
			buildConfigurations = (
				B3F3F3E225188A1300D91190 /* Debug */,
				B3F3F3E325188A1300D91190 /* Release */,
			);
			defaultConfigurationIsVisible = 0;
			defaultConfigurationName = Release;
		};
		E44773302561389200B772C2 /* Build configuration list for PBXNativeTarget "KOFFII WidgetExtension" */ = {
			isa = XCConfigurationList;
			buildConfigurations = (
				E447732E2561389200B772C2 /* Debug */,
				E447732F2561389200B772C2 /* Release */,
			);
			defaultConfigurationIsVisible = 0;
			defaultConfigurationName = Release;
		};
		E491F026259D347300EAAE2F /* Build configuration list for PBXNativeTarget "KOFFIIAppClip" */ = {
			isa = XCConfigurationList;
			buildConfigurations = (
				E491F024259D347300EAAE2F /* Debug */,
				E491F025259D347300EAAE2F /* Release */,
			);
			defaultConfigurationIsVisible = 0;
			defaultConfigurationName = Release;
		};
/* End XCConfigurationList section */
	};
	rootObject = B3F3F3AE25188A1000D91190 /* Project object */;
}
